
Microsoft Visual Studio Solution File, Format Version 12.00
# Visual Studio Version 17
VisualStudioVersion = 17.10.35122.118
MinimumVisualStudioVersion = 10.0.40219.1
Project("{FAE04EC0-301F-11D3-BF4B-00C04F79EFBC}") = "ReactTestApp.Server", "ReactTestApp.Server\ReactTestApp.Server.csproj", "{383CDB3C-BE16-44D4-9A97-7C849190C088}"
EndProject
Project("{54A90642-561A-4BB1-A94E-469ADEE60C69}") = "reacttestapp.client", "reacttestapp.client\reacttestapp.client.esproj", "{9BE7EA17-FA87-496C-8A8C-F2BF05680565}"
EndProject
Global
	GlobalSection(SolutionConfigurationPlatforms) = preSolution
		Debug|Any CPU = Debug|Any CPU
		Release|Any CPU = Release|Any CPU
	EndGlobalSection
	GlobalSection(ProjectConfigurationPlatforms) = postSolution
		{383CDB3C-BE16-44D4-9A97-7C849190C088}.Debug|Any CPU.ActiveCfg = Debug|Any CPU
		{383CDB3C-BE16-44D4-9A97-7C849190C088}.Debug|Any CPU.Build.0 = Debug|Any CPU
		{383CDB3C-BE16-44D4-9A97-7C849190C088}.Release|Any CPU.ActiveCfg = Release|Any CPU
		{383CDB3C-BE16-44D4-9A97-7C849190C088}.Release|Any CPU.Build.0 = Release|Any CPU
		{9BE7EA17-FA87-496C-8A8C-F2BF05680565}.Debug|Any CPU.ActiveCfg = Debug|Any CPU
		{9BE7EA17-FA87-496C-8A8C-F2BF05680565}.Debug|Any CPU.Build.0 = Debug|Any CPU
		{9BE7EA17-FA87-496C-8A8C-F2BF05680565}.Debug|Any CPU.Deploy.0 = Debug|Any CPU
		{9BE7EA17-FA87-496C-8A8C-F2BF05680565}.Release|Any CPU.ActiveCfg = Release|Any CPU
		{9BE7EA17-FA87-496C-8A8C-F2BF05680565}.Release|Any CPU.Build.0 = Release|Any CPU
		{9BE7EA17-FA87-496C-8A8C-F2BF05680565}.Release|Any CPU.Deploy.0 = Release|Any CPU
	EndGlobalSection
	GlobalSection(SolutionProperties) = preSolution
		HideSolutionNode = FALSE
	EndGlobalSection
	GlobalSection(ExtensibilityGlobals) = postSolution
		SolutionGuid = {E31D9868-FF62-4596-BCCE-D432E0CB5F27}
	EndGlobalSection
EndGlobal
